// !$*UTF8*$!
{
	archiveVersion = 1;
	classes = {
	};
	objectVersion = 46;
	objects = {

/* Begin PBXBuildFile section */
		155B73DE138A708300E309FB /* UIKit.framework in Frameworks */ = {isa = PBXBuildFile; fileRef = 155B73DD138A708300E309FB /* UIKit.framework */; };
		155B73E0138A708300E309FB /* Foundation.framework in Frameworks */ = {isa = PBXBuildFile; fileRef = 155B73DF138A708300E309FB /* Foundation.framework */; };
		155B73E2138A708300E309FB /* CoreGraphics.framework in Frameworks */ = {isa = PBXBuildFile; fileRef = 155B73E1138A708300E309FB /* CoreGraphics.framework */; };
		155B73E4138A708300E309FB /* CoreData.framework in Frameworks */ = {isa = PBXBuildFile; fileRef = 155B73E3138A708300E309FB /* CoreData.framework */; };
		155B73EA138A708300E309FB /* InfoPlist.strings in Resources */ = {isa = PBXBuildFile; fileRef = 155B73E8138A708300E309FB /* InfoPlist.strings */; };
		155B73ED138A708300E309FB /* main.m in Sources */ = {isa = PBXBuildFile; fileRef = 155B73EC138A708300E309FB /* main.m */; };
		155B73F0138A708300E309FB /* OrnyAppDelegate.m in Sources */ = {isa = PBXBuildFile; fileRef = 155B73EF138A708300E309FB /* OrnyAppDelegate.m */; };
		155B73F3138A708300E309FB /* Orny.xcdatamodeld in Sources */ = {isa = PBXBuildFile; fileRef = 155B73F1138A708300E309FB /* Orny.xcdatamodeld */; };
		155B73F7138A708300E309FB /* OrnyAppDelegate_iPhone.m in Sources */ = {isa = PBXBuildFile; fileRef = 155B73F6138A708300E309FB /* OrnyAppDelegate_iPhone.m */; };
		155B73FA138A708300E309FB /* MainWindow_iPhone.xib in Resources */ = {isa = PBXBuildFile; fileRef = 155B73F8138A708300E309FB /* MainWindow_iPhone.xib */; };
		155B73FE138A708300E309FB /* OrnyAppDelegate_iPad.m in Sources */ = {isa = PBXBuildFile; fileRef = 155B73FD138A708300E309FB /* OrnyAppDelegate_iPad.m */; };
		155B7401138A708300E309FB /* MainWindow_iPad.xib in Resources */ = {isa = PBXBuildFile; fileRef = 155B73FF138A708300E309FB /* MainWindow_iPad.xib */; };
		155B7408138A708300E309FB /* UIKit.framework in Frameworks */ = {isa = PBXBuildFile; fileRef = 155B73DD138A708300E309FB /* UIKit.framework */; };
		155B7409138A708300E309FB /* Foundation.framework in Frameworks */ = {isa = PBXBuildFile; fileRef = 155B73DF138A708300E309FB /* Foundation.framework */; };
		155B740A138A708300E309FB /* CoreGraphics.framework in Frameworks */ = {isa = PBXBuildFile; fileRef = 155B73E1138A708300E309FB /* CoreGraphics.framework */; };
		155B740B138A708300E309FB /* CoreData.framework in Frameworks */ = {isa = PBXBuildFile; fileRef = 155B73E3138A708300E309FB /* CoreData.framework */; };
		155B7413138A708300E309FB /* InfoPlist.strings in Resources */ = {isa = PBXBuildFile; fileRef = 155B7411138A708300E309FB /* InfoPlist.strings */; };
		155B7416138A708300E309FB /* OrnyTests.h in Resources */ = {isa = PBXBuildFile; fileRef = 155B7415138A708300E309FB /* OrnyTests.h */; };
		155B7418138A708300E309FB /* OrnyTests.m in Sources */ = {isa = PBXBuildFile; fileRef = 155B7417138A708300E309FB /* OrnyTests.m */; };
		155B7424138A7FB400E309FB /* BirdListViewController.m in Sources */ = {isa = PBXBuildFile; fileRef = 155B7422138A7FB400E309FB /* BirdListViewController.m */; };
		155B7425138A7FB400E309FB /* BirdListViewController.xib in Resources */ = {isa = PBXBuildFile; fileRef = 155B7423138A7FB400E309FB /* BirdListViewController.xib */; };
/* End PBXBuildFile section */

/* Begin PBXContainerItemProxy section */
		155B740C138A708300E309FB /* PBXContainerItemProxy */ = {
			isa = PBXContainerItemProxy;
			containerPortal = 155B73D0138A708300E309FB /* Project object */;
			proxyType = 1;
			remoteGlobalIDString = 155B73D8138A708300E309FB;
			remoteInfo = Orny;
		};
/* End PBXContainerItemProxy section */

/* Begin PBXFileReference section */
		155B73D9138A708300E309FB /* Orny.app */ = {isa = PBXFileReference; explicitFileType = wrapper.application; includeInIndex = 0; path = Orny.app; sourceTree = BUILT_PRODUCTS_DIR; };
		155B73DD138A708300E309FB /* UIKit.framework */ = {isa = PBXFileReference; lastKnownFileType = wrapper.framework; name = UIKit.framework; path = System/Library/Frameworks/UIKit.framework; sourceTree = SDKROOT; };
		155B73DF138A708300E309FB /* Foundation.framework */ = {isa = PBXFileReference; lastKnownFileType = wrapper.framework; name = Foundation.framework; path = System/Library/Frameworks/Foundation.framework; sourceTree = SDKROOT; };
		155B73E1138A708300E309FB /* CoreGraphics.framework */ = {isa = PBXFileReference; lastKnownFileType = wrapper.framework; name = CoreGraphics.framework; path = System/Library/Frameworks/CoreGraphics.framework; sourceTree = SDKROOT; };
		155B73E3138A708300E309FB /* CoreData.framework */ = {isa = PBXFileReference; lastKnownFileType = wrapper.framework; name = CoreData.framework; path = System/Library/Frameworks/CoreData.framework; sourceTree = SDKROOT; };
		155B73E7138A708300E309FB /* Orny-Info.plist */ = {isa = PBXFileReference; lastKnownFileType = text.plist.xml; path = "Orny-Info.plist"; sourceTree = "<group>"; };
		155B73E9138A708300E309FB /* en */ = {isa = PBXFileReference; lastKnownFileType = text.plist.strings; name = en; path = en.lproj/InfoPlist.strings; sourceTree = "<group>"; };
		155B73EB138A708300E309FB /* Orny-Prefix.pch */ = {isa = PBXFileReference; lastKnownFileType = sourcecode.c.h; path = "Orny-Prefix.pch"; sourceTree = "<group>"; };
		155B73EC138A708300E309FB /* main.m */ = {isa = PBXFileReference; lastKnownFileType = sourcecode.c.objc; path = main.m; sourceTree = "<group>"; };
		155B73EE138A708300E309FB /* OrnyAppDelegate.h */ = {isa = PBXFileReference; lastKnownFileType = sourcecode.c.h; path = OrnyAppDelegate.h; sourceTree = "<group>"; };
		155B73EF138A708300E309FB /* OrnyAppDelegate.m */ = {isa = PBXFileReference; lastKnownFileType = sourcecode.c.objc; path = OrnyAppDelegate.m; sourceTree = "<group>"; };
		155B73F2138A708300E309FB /* Orny.xcdatamodel */ = {isa = PBXFileReference; lastKnownFileType = wrapper.xcdatamodel; path = Orny.xcdatamodel; sourceTree = "<group>"; };
		155B73F5138A708300E309FB /* OrnyAppDelegate_iPhone.h */ = {isa = PBXFileReference; lastKnownFileType = sourcecode.c.h; name = OrnyAppDelegate_iPhone.h; path = iPhone/OrnyAppDelegate_iPhone.h; sourceTree = "<group>"; };
		155B73F6138A708300E309FB /* OrnyAppDelegate_iPhone.m */ = {isa = PBXFileReference; lastKnownFileType = sourcecode.c.objc; name = OrnyAppDelegate_iPhone.m; path = iPhone/OrnyAppDelegate_iPhone.m; sourceTree = "<group>"; };
		155B73F9138A708300E309FB /* en */ = {isa = PBXFileReference; lastKnownFileType = file.xib; name = en; path = iPhone/en.lproj/MainWindow_iPhone.xib; sourceTree = "<group>"; };
		155B73FC138A708300E309FB /* OrnyAppDelegate_iPad.h */ = {isa = PBXFileReference; lastKnownFileType = sourcecode.c.h; name = OrnyAppDelegate_iPad.h; path = iPad/OrnyAppDelegate_iPad.h; sourceTree = "<group>"; };
		155B73FD138A708300E309FB /* OrnyAppDelegate_iPad.m */ = {isa = PBXFileReference; lastKnownFileType = sourcecode.c.objc; name = OrnyAppDelegate_iPad.m; path = iPad/OrnyAppDelegate_iPad.m; sourceTree = "<group>"; };
		155B7400138A708300E309FB /* en */ = {isa = PBXFileReference; lastKnownFileType = file.xib; name = en; path = iPad/en.lproj/MainWindow_iPad.xib; sourceTree = "<group>"; };
		155B7407138A708300E309FB /* OrnyTests.octest */ = {isa = PBXFileReference; explicitFileType = wrapper.cfbundle; includeInIndex = 0; path = OrnyTests.octest; sourceTree = BUILT_PRODUCTS_DIR; };
		155B7410138A708300E309FB /* OrnyTests-Info.plist */ = {isa = PBXFileReference; lastKnownFileType = text.plist.xml; path = "OrnyTests-Info.plist"; sourceTree = "<group>"; };
		155B7412138A708300E309FB /* en */ = {isa = PBXFileReference; lastKnownFileType = text.plist.strings; name = en; path = en.lproj/InfoPlist.strings; sourceTree = "<group>"; };
		155B7414138A708300E309FB /* OrnyTests-Prefix.pch */ = {isa = PBXFileReference; lastKnownFileType = sourcecode.c.h; path = "OrnyTests-Prefix.pch"; sourceTree = "<group>"; };
		155B7415138A708300E309FB /* OrnyTests.h */ = {isa = PBXFileReference; lastKnownFileType = sourcecode.c.h; path = OrnyTests.h; sourceTree = "<group>"; };
		155B7417138A708300E309FB /* OrnyTests.m */ = {isa = PBXFileReference; lastKnownFileType = sourcecode.c.objc; path = OrnyTests.m; sourceTree = "<group>"; };
		155B7421138A7FB400E309FB /* BirdListViewController.h */ = {isa = PBXFileReference; fileEncoding = 4; lastKnownFileType = sourcecode.c.h; path = BirdListViewController.h; sourceTree = "<group>"; };
		155B7422138A7FB400E309FB /* BirdListViewController.m */ = {isa = PBXFileReference; fileEncoding = 4; lastKnownFileType = sourcecode.c.objc; path = BirdListViewController.m; sourceTree = "<group>"; };
		155B7423138A7FB400E309FB /* BirdListViewController.xib */ = {isa = PBXFileReference; fileEncoding = 4; lastKnownFileType = file.xib; path = BirdListViewController.xib; sourceTree = "<group>"; };
/* End PBXFileReference section */

/* Begin PBXFrameworksBuildPhase section */
		155B73D6138A708300E309FB /* Frameworks */ = {
			isa = PBXFrameworksBuildPhase;
			buildActionMask = 2147483647;
			files = (
				155B73DE138A708300E309FB /* UIKit.framework in Frameworks */,
				155B73E0138A708300E309FB /* Foundation.framework in Frameworks */,
				155B73E2138A708300E309FB /* CoreGraphics.framework in Frameworks */,
				155B73E4138A708300E309FB /* CoreData.framework in Frameworks */,
			);
			runOnlyForDeploymentPostprocessing = 0;
		};
		155B7403138A708300E309FB /* Frameworks */ = {
			isa = PBXFrameworksBuildPhase;
			buildActionMask = 2147483647;
			files = (
				155B7408138A708300E309FB /* UIKit.framework in Frameworks */,
				155B7409138A708300E309FB /* Foundation.framework in Frameworks */,
				155B740A138A708300E309FB /* CoreGraphics.framework in Frameworks */,
				155B740B138A708300E309FB /* CoreData.framework in Frameworks */,
			);
			runOnlyForDeploymentPostprocessing = 0;
		};
/* End PBXFrameworksBuildPhase section */

/* Begin PBXGroup section */
		155B73CE138A708300E309FB = {
			isa = PBXGroup;
			children = (
				155B73E5138A708300E309FB /* Orny */,
				155B740E138A708300E309FB /* OrnyTests */,
				155B73DC138A708300E309FB /* Frameworks */,
				155B73DA138A708300E309FB /* Products */,
			);
			sourceTree = "<group>";
		};
		155B73DA138A708300E309FB /* Products */ = {
			isa = PBXGroup;
			children = (
				155B73D9138A708300E309FB /* Orny.app */,
				155B7407138A708300E309FB /* OrnyTests.octest */,
			);
			name = Products;
			sourceTree = "<group>";
		};
		155B73DC138A708300E309FB /* Frameworks */ = {
			isa = PBXGroup;
			children = (
				155B73DD138A708300E309FB /* UIKit.framework */,
				155B73DF138A708300E309FB /* Foundation.framework */,
				155B73E1138A708300E309FB /* CoreGraphics.framework */,
				155B73E3138A708300E309FB /* CoreData.framework */,
			);
			name = Frameworks;
			sourceTree = "<group>";
		};
		155B73E5138A708300E309FB /* Orny */ = {
			isa = PBXGroup;
			children = (
				155B7421138A7FB400E309FB /* BirdListViewController.h */,
				155B7422138A7FB400E309FB /* BirdListViewController.m */,
				155B7423138A7FB400E309FB /* BirdListViewController.xib */,
				155B73EE138A708300E309FB /* OrnyAppDelegate.h */,
				155B73EF138A708300E309FB /* OrnyAppDelegate.m */,
				155B73F1138A708300E309FB /* Orny.xcdatamodeld */,
				155B73F4138A708300E309FB /* iPhone */,
				155B73FB138A708300E309FB /* iPad */,
				155B73E6138A708300E309FB /* Supporting Files */,
			);
			path = Orny;
			sourceTree = "<group>";
		};
		155B73E6138A708300E309FB /* Supporting Files */ = {
			isa = PBXGroup;
			children = (
				155B73E7138A708300E309FB /* Orny-Info.plist */,
				155B73E8138A708300E309FB /* InfoPlist.strings */,
				155B73EB138A708300E309FB /* Orny-Prefix.pch */,
				155B73EC138A708300E309FB /* main.m */,
			);
			name = "Supporting Files";
			sourceTree = "<group>";
		};
		155B73F4138A708300E309FB /* iPhone */ = {
			isa = PBXGroup;
			children = (
				155B73F5138A708300E309FB /* OrnyAppDelegate_iPhone.h */,
				155B73F6138A708300E309FB /* OrnyAppDelegate_iPhone.m */,
				155B73F8138A708300E309FB /* MainWindow_iPhone.xib */,
			);
			name = iPhone;
			sourceTree = "<group>";
		};
		155B73FB138A708300E309FB /* iPad */ = {
			isa = PBXGroup;
			children = (
				155B73FC138A708300E309FB /* OrnyAppDelegate_iPad.h */,
				155B73FD138A708300E309FB /* OrnyAppDelegate_iPad.m */,
				155B73FF138A708300E309FB /* MainWindow_iPad.xib */,
			);
			name = iPad;
			sourceTree = "<group>";
		};
		155B740E138A708300E309FB /* OrnyTests */ = {
			isa = PBXGroup;
			children = (
				155B7415138A708300E309FB /* OrnyTests.h */,
				155B7417138A708300E309FB /* OrnyTests.m */,
				155B740F138A708300E309FB /* Supporting Files */,
			);
			path = OrnyTests;
			sourceTree = "<group>";
		};
		155B740F138A708300E309FB /* Supporting Files */ = {
			isa = PBXGroup;
			children = (
				155B7410138A708300E309FB /* OrnyTests-Info.plist */,
				155B7411138A708300E309FB /* InfoPlist.strings */,
				155B7414138A708300E309FB /* OrnyTests-Prefix.pch */,
			);
			name = "Supporting Files";
			sourceTree = "<group>";
		};
/* End PBXGroup section */

/* Begin PBXNativeTarget section */
		155B73D8138A708300E309FB /* Orny */ = {
			isa = PBXNativeTarget;
			buildConfigurationList = 155B741B138A708300E309FB /* Build configuration list for PBXNativeTarget "Orny" */;
			buildPhases = (
				155B73D5138A708300E309FB /* Sources */,
				155B73D6138A708300E309FB /* Frameworks */,
				155B73D7138A708300E309FB /* Resources */,
			);
			buildRules = (
			);
			dependencies = (
			);
			name = Orny;
			productName = Orny;
			productReference = 155B73D9138A708300E309FB /* Orny.app */;
			productType = "com.apple.product-type.application";
		};
		155B7406138A708300E309FB /* OrnyTests */ = {
			isa = PBXNativeTarget;
			buildConfigurationList = 155B741E138A708300E309FB /* Build configuration list for PBXNativeTarget "OrnyTests" */;
			buildPhases = (
				155B7402138A708300E309FB /* Sources */,
				155B7403138A708300E309FB /* Frameworks */,
				155B7404138A708300E309FB /* Resources */,
				155B7405138A708300E309FB /* ShellScript */,
			);
			buildRules = (
			);
			dependencies = (
				155B740D138A708300E309FB /* PBXTargetDependency */,
			);
			name = OrnyTests;
			productName = OrnyTests;
			productReference = 155B7407138A708300E309FB /* OrnyTests.octest */;
			productType = "com.apple.product-type.bundle";
		};
/* End PBXNativeTarget section */

/* Begin PBXProject section */
		155B73D0138A708300E309FB /* Project object */ = {
			isa = PBXProject;
			attributes = {
				ORGANIZATIONNAME = "3Easy Web Org";
			};
			buildConfigurationList = 155B73D3138A708300E309FB /* Build configuration list for PBXProject "Orny" */;
			compatibilityVersion = "Xcode 3.2";
			developmentRegion = English;
			hasScannedForEncodings = 0;
			knownRegions = (
				en,
			);
			mainGroup = 155B73CE138A708300E309FB;
			productRefGroup = 155B73DA138A708300E309FB /* Products */;
			projectDirPath = "";
			projectRoot = "";
			targets = (
				155B73D8138A708300E309FB /* Orny */,
				155B7406138A708300E309FB /* OrnyTests */,
			);
		};
/* End PBXProject section */

/* Begin PBXResourcesBuildPhase section */
		155B73D7138A708300E309FB /* Resources */ = {
			isa = PBXResourcesBuildPhase;
			buildActionMask = 2147483647;
			files = (
				155B73EA138A708300E309FB /* InfoPlist.strings in Resources */,
				155B73FA138A708300E309FB /* MainWindow_iPhone.xib in Resources */,
				155B7401138A708300E309FB /* MainWindow_iPad.xib in Resources */,
				155B7425138A7FB400E309FB /* BirdListViewController.xib in Resources */,
			);
			runOnlyForDeploymentPostprocessing = 0;
		};
		155B7404138A708300E309FB /* Resources */ = {
			isa = PBXResourcesBuildPhase;
			buildActionMask = 2147483647;
			files = (
				155B7413138A708300E309FB /* InfoPlist.strings in Resources */,
				155B7416138A708300E309FB /* OrnyTests.h in Resources */,
			);
			runOnlyForDeploymentPostprocessing = 0;
		};
/* End PBXResourcesBuildPhase section */

/* Begin PBXShellScriptBuildPhase section */
		155B7405138A708300E309FB /* ShellScript */ = {
			isa = PBXShellScriptBuildPhase;
			buildActionMask = 2147483647;
			files = (
			);
			inputPaths = (
			);
			outputPaths = (
			);
			runOnlyForDeploymentPostprocessing = 0;
			shellPath = /bin/sh;
			shellScript = "# Run the unit tests in this test bundle.\n\"${SYSTEM_DEVELOPER_DIR}/Tools/RunUnitTests\"\n";
		};
/* End PBXShellScriptBuildPhase section */

/* Begin PBXSourcesBuildPhase section */
		155B73D5138A708300E309FB /* Sources */ = {
			isa = PBXSourcesBuildPhase;
			buildActionMask = 2147483647;
			files = (
				155B73ED138A708300E309FB /* main.m in Sources */,
				155B73F0138A708300E309FB /* OrnyAppDelegate.m in Sources */,
				155B73F3138A708300E309FB /* Orny.xcdatamodeld in Sources */,
				155B73F7138A708300E309FB /* OrnyAppDelegate_iPhone.m in Sources */,
				155B73FE138A708300E309FB /* OrnyAppDelegate_iPad.m in Sources */,
				155B7424138A7FB400E309FB /* BirdListViewController.m in Sources */,
			);
			runOnlyForDeploymentPostprocessing = 0;
		};
		155B7402138A708300E309FB /* Sources */ = {
			isa = PBXSourcesBuildPhase;
			buildActionMask = 2147483647;
			files = (
				155B7418138A708300E309FB /* OrnyTests.m in Sources */,
			);
			runOnlyForDeploymentPostprocessing = 0;
		};
/* End PBXSourcesBuildPhase section */

/* Begin PBXTargetDependency section */
		155B740D138A708300E309FB /* PBXTargetDependency */ = {
			isa = PBXTargetDependency;
			target = 155B73D8138A708300E309FB /* Orny */;
			targetProxy = 155B740C138A708300E309FB /* PBXContainerItemProxy */;
		};
/* End PBXTargetDependency section */

/* Begin PBXVariantGroup section */
		155B73E8138A708300E309FB /* InfoPlist.strings */ = {
			isa = PBXVariantGroup;
			children = (
				155B73E9138A708300E309FB /* en */,
			);
			name = InfoPlist.strings;
			sourceTree = "<group>";
		};
		155B73F8138A708300E309FB /* MainWindow_iPhone.xib */ = {
			isa = PBXVariantGroup;
			children = (
				155B73F9138A708300E309FB /* en */,
			);
			name = MainWindow_iPhone.xib;
			sourceTree = "<group>";
		};
		155B73FF138A708300E309FB /* MainWindow_iPad.xib */ = {
			isa = PBXVariantGroup;
			children = (
				155B7400138A708300E309FB /* en */,
			);
			name = MainWindow_iPad.xib;
			sourceTree = "<group>";
		};
		155B7411138A708300E309FB /* InfoPlist.strings */ = {
			isa = PBXVariantGroup;
			children = (
				155B7412138A708300E309FB /* en */,
			);
			name = InfoPlist.strings;
			sourceTree = "<group>";
		};
/* End PBXVariantGroup section */

/* Begin XCBuildConfiguration section */
		155B7419138A708300E309FB /* Debug */ = {
			isa = XCBuildConfiguration;
			buildSettings = {
				ARCHS = "$(ARCHS_STANDARD_32_BIT)";
				"CODE_SIGN_IDENTITY[sdk=iphoneos*]" = "iPhone Developer";
				GCC_C_LANGUAGE_STANDARD = gnu99;
				GCC_OPTIMIZATION_LEVEL = 0;
				GCC_PREPROCESSOR_DEFINITIONS = DEBUG;
				GCC_SYMBOLS_PRIVATE_EXTERN = NO;
				GCC_VERSION = com.apple.compilers.llvmgcc42;
				GCC_WARN_ABOUT_RETURN_TYPE = YES;
				GCC_WARN_UNUSED_VARIABLE = YES;
				IPHONEOS_DEPLOYMENT_TARGET = 4.3;
				SDKROOT = iphoneos;
				TARGETED_DEVICE_FAMILY = "1,2";
			};
			name = Debug;
		};
		155B741A138A708300E309FB /* Release */ = {
			isa = XCBuildConfiguration;
			buildSettings = {
				ARCHS = "$(ARCHS_STANDARD_32_BIT)";
				"CODE_SIGN_IDENTITY[sdk=iphoneos*]" = "iPhone Developer";
				GCC_C_LANGUAGE_STANDARD = gnu99;
				GCC_VERSION = com.apple.compilers.llvmgcc42;
				GCC_WARN_ABOUT_RETURN_TYPE = YES;
				GCC_WARN_UNUSED_VARIABLE = YES;
				IPHONEOS_DEPLOYMENT_TARGET = 4.3;
				OTHER_CFLAGS = "-DNS_BLOCK_ASSERTIONS=1";
				SDKROOT = iphoneos;
				TARGETED_DEVICE_FAMILY = "1,2";
			};
			name = Release;
		};
		155B741C138A708300E309FB /* Debug */ = {
			isa = XCBuildConfiguration;
			buildSettings = {
				ALWAYS_SEARCH_USER_PATHS = NO;
				COPY_PHASE_STRIP = NO;
				GCC_DYNAMIC_NO_PIC = NO;
				GCC_PRECOMPILE_PREFIX_HEADER = YES;
				GCC_PREFIX_HEADER = "Orny/Orny-Prefix.pch";
				INFOPLIST_FILE = "Orny/Orny-Info.plist";
				PRODUCT_NAME = "$(TARGET_NAME)";
				WRAPPER_EXTENSION = app;
			};
			name = Debug;
		};
		155B741D138A708300E309FB /* Release */ = {
			isa = XCBuildConfiguration;
			buildSettings = {
				ALWAYS_SEARCH_USER_PATHS = NO;
				COPY_PHASE_STRIP = YES;
				GCC_PRECOMPILE_PREFIX_HEADER = YES;
				GCC_PREFIX_HEADER = "Orny/Orny-Prefix.pch";
				INFOPLIST_FILE = "Orny/Orny-Info.plist";
				PRODUCT_NAME = "$(TARGET_NAME)";
				VALIDATE_PRODUCT = YES;
				WRAPPER_EXTENSION = app;
			};
			name = Release;
		};
		155B741F138A708300E309FB /* Debug */ = {
			isa = XCBuildConfiguration;
			buildSettings = {
				ALWAYS_SEARCH_USER_PATHS = NO;
				BUNDLE_LOADER = "$(BUILT_PRODUCTS_DIR)/Orny.app/Orny";
				FRAMEWORK_SEARCH_PATHS = (
					"$(SDKROOT)/Developer/Library/Frameworks",
					"$(DEVELOPER_LIBRARY_DIR)/Frameworks",
				);
				GCC_PRECOMPILE_PREFIX_HEADER = YES;
				GCC_PREFIX_HEADER = "OrnyTests/OrnyTests-Prefix.pch";
				INFOPLIST_FILE = "OrnyTests/OrnyTests-Info.plist";
				OTHER_LDFLAGS = (
					"-framework",
					SenTestingKit,
				);
				PRODUCT_NAME = "$(TARGET_NAME)";
				TEST_HOST = "$(BUNDLE_LOADER)";
				WRAPPER_EXTENSION = octest;
			};
			name = Debug;
		};
		155B7420138A708300E309FB /* Release */ = {
			isa = XCBuildConfiguration;
			buildSettings = {
				ALWAYS_SEARCH_USER_PATHS = NO;
				BUNDLE_LOADER = "$(BUILT_PRODUCTS_DIR)/Orny.app/Orny";
				FRAMEWORK_SEARCH_PATHS = (
					"$(SDKROOT)/Developer/Library/Frameworks",
					"$(DEVELOPER_LIBRARY_DIR)/Frameworks",
				);
				GCC_PRECOMPILE_PREFIX_HEADER = YES;
				GCC_PREFIX_HEADER = "OrnyTests/OrnyTests-Prefix.pch";
				INFOPLIST_FILE = "OrnyTests/OrnyTests-Info.plist";
				OTHER_LDFLAGS = (
					"-framework",
					SenTestingKit,
				);
				PRODUCT_NAME = "$(TARGET_NAME)";
				TEST_HOST = "$(BUNDLE_LOADER)";
				WRAPPER_EXTENSION = octest;
			};
			name = Release;
		};
/* End XCBuildConfiguration section */

/* Begin XCConfigurationList section */
		155B73D3138A708300E309FB /* Build configuration list for PBXProject "Orny" */ = {
			isa = XCConfigurationList;
			buildConfigurations = (
				155B7419138A708300E309FB /* Debug */,
				155B741A138A708300E309FB /* Release */,
			);
			defaultConfigurationIsVisible = 0;
			defaultConfigurationName = Release;
		};
		155B741B138A708300E309FB /* Build configuration list for PBXNativeTarget "Orny" */ = {
			isa = XCConfigurationList;
			buildConfigurations = (
				155B741C138A708300E309FB /* Debug */,
				155B741D138A708300E309FB /* Release */,
			);
			defaultConfigurationIsVisible = 0;
		};
		155B741E138A708300E309FB /* Build configuration list for PBXNativeTarget "OrnyTests" */ = {
			isa = XCConfigurationList;
			buildConfigurations = (
				155B741F138A708300E309FB /* Debug */,
				155B7420138A708300E309FB /* Release */,
			);
			defaultConfigurationIsVisible = 0;
		};
/* End XCConfigurationList section */

/* Begin XCVersionGroup section */
		155B73F1138A708300E309FB /* Orny.xcdatamodeld */ = {
			isa = XCVersionGroup;
			children = (
				155B73F2138A708300E309FB /* Orny.xcdatamodel */,
			);
			currentVersion = 155B73F2138A708300E309FB /* Orny.xcdatamodel */;
			path = Orny.xcdatamodeld;
			sourceTree = "<group>";
			versionGroupType = wrapper.xcdatamodel;
		};
/* End XCVersionGroup section */
	};
	rootObject = 155B73D0138A708300E309FB /* Project object */;
}
